// !$*UTF8*$!
{
	archiveVersion = 1;
	classes = {
	};
	objectVersion = 46;
	objects = {

/* Begin PBXBuildFile section */
		2619D9471F146616007AEAD8 /* MessageQueue.swift in Sources */ = {isa = PBXBuildFile; fileRef = 2619D9461F146616007AEAD8 /* MessageQueue.swift */; };
		2636075C1FBE707A000C423D /* runStreamRecorder.swift in Sources */ = {isa = PBXBuildFile; fileRef = 2636075B1FBE707A000C423D /* runStreamRecorder.swift */; };
		263607601FBE93BE000C423D /* HCMatrixObject.swift in Sources */ = {isa = PBXBuildFile; fileRef = 2636075E1FBE93BD000C423D /* HCMatrixObject.swift */; };
		263607611FBE93BE000C423D /* HCKalmanAlgorithm.swift in Sources */ = {isa = PBXBuildFile; fileRef = 2636075F1FBE93BD000C423D /* HCKalmanAlgorithm.swift */; };
		263607631FBE940D000C423D /* runRecorderJunction.swift in Sources */ = {isa = PBXBuildFile; fileRef = 263607621FBE940D000C423D /* runRecorderJunction.swift */; };
		263607651FBE9D15000C423D /* liveRunStreamListener.swift in Sources */ = {isa = PBXBuildFile; fileRef = 263607641FBE9D15000C423D /* liveRunStreamListener.swift */; };
		263607671FBECC90000C423D /* Pedometer.swift in Sources */ = {isa = PBXBuildFile; fileRef = 263607661FBECC90000C423D /* Pedometer.swift */; };
		26444F1E1F09CD300035519D /* AppDelegate.swift in Sources */ = {isa = PBXBuildFile; fileRef = 26444F1D1F09CD300035519D /* AppDelegate.swift */; };
		26444F201F09CD300035519D /* ViewController.swift in Sources */ = {isa = PBXBuildFile; fileRef = 26444F1F1F09CD300035519D /* ViewController.swift */; };
		26444F231F09CD300035519D /* Main.storyboard in Resources */ = {isa = PBXBuildFile; fileRef = 26444F211F09CD300035519D /* Main.storyboard */; };
		26444F261F09CD300035519D /* interStellarTest.xcdatamodeld in Sources */ = {isa = PBXBuildFile; fileRef = 26444F241F09CD300035519D /* interStellarTest.xcdatamodeld */; };
		26444F281F09CD300035519D /* Assets.xcassets in Resources */ = {isa = PBXBuildFile; fileRef = 26444F271F09CD300035519D /* Assets.xcassets */; };
		26444F2B1F09CD300035519D /* LaunchScreen.storyboard in Resources */ = {isa = PBXBuildFile; fileRef = 26444F291F09CD300035519D /* LaunchScreen.storyboard */; };
		26444F361F09CD300035519D /* interStellarTestTests.swift in Sources */ = {isa = PBXBuildFile; fileRef = 26444F351F09CD300035519D /* interStellarTestTests.swift */; };
		26444F411F09CD300035519D /* interStellarTestUITests.swift in Sources */ = {isa = PBXBuildFile; fileRef = 26444F401F09CD300035519D /* interStellarTestUITests.swift */; };
		26444F521F09D1700035519D /* BaseObject.swift in Sources */ = {isa = PBXBuildFile; fileRef = 26444F511F09D1700035519D /* BaseObject.swift */; };
		26444F541F0B1D660035519D /* Scheduler.swift in Sources */ = {isa = PBXBuildFile; fileRef = 26444F531F0B1D660035519D /* Scheduler.swift */; };
		2647D40B1FBAAF76007E83AF /* preferencesSignalJunction.swift in Sources */ = {isa = PBXBuildFile; fileRef = 2647D40A1FBAAF76007E83AF /* preferencesSignalJunction.swift */; };
		264E21201FB03EE8004CB94E /* Interstellar.framework in Frameworks */ = {isa = PBXBuildFile; fileRef = 264E211F1FB03EE8004CB94E /* Interstellar.framework */; };
		264E21211FB03F16004CB94E /* Interstellar.framework in Frameworks */ = {isa = PBXBuildFile; fileRef = 264E211F1FB03EE8004CB94E /* Interstellar.framework */; };
		264E21221FB03F16004CB94E /* Interstellar.framework in Embed Frameworks */ = {isa = PBXBuildFile; fileRef = 264E211F1FB03EE8004CB94E /* Interstellar.framework */; settings = {ATTRIBUTES = (CodeSignOnCopy, RemoveHeadersOnCopy, ); }; };
		264E212C1FB43B4B004CB94E /* Alamofire.framework in Frameworks */ = {isa = PBXBuildFile; fileRef = 264E212B1FB43B4B004CB94E /* Alamofire.framework */; };
		264E212D1FB43B6B004CB94E /* Alamofire.framework in Frameworks */ = {isa = PBXBuildFile; fileRef = 264E212B1FB43B4B004CB94E /* Alamofire.framework */; };
		264E212E1FB43B6B004CB94E /* Alamofire.framework in Embed Frameworks */ = {isa = PBXBuildFile; fileRef = 264E212B1FB43B4B004CB94E /* Alamofire.framework */; settings = {ATTRIBUTES = (CodeSignOnCopy, RemoveHeadersOnCopy, ); }; };
		26654B081F0B74CC0030B792 /* Timewaster.swift in Sources */ = {isa = PBXBuildFile; fileRef = 26654B071F0B74CC0030B792 /* Timewaster.swift */; };
		2667992D1FBED5D10057304E /* Disk.framework in Frameworks */ = {isa = PBXBuildFile; fileRef = 2667992C1FBED5D10057304E /* Disk.framework */; };
		2667992E1FBED6060057304E /* Disk.framework in Frameworks */ = {isa = PBXBuildFile; fileRef = 2667992C1FBED5D10057304E /* Disk.framework */; };
		2667992F1FBED6060057304E /* Disk.framework in Embed Frameworks */ = {isa = PBXBuildFile; fileRef = 2667992C1FBED5D10057304E /* Disk.framework */; settings = {ATTRIBUTES = (CodeSignOnCopy, RemoveHeadersOnCopy, ); }; };
		266799321FC929C10057304E /* runDataIOJunction.swift in Sources */ = {isa = PBXBuildFile; fileRef = 266799311FC929C10057304E /* runDataIOJunction.swift */; };
		2687F3011FB976B50022A40C /* jsonStreamReader.swift in Sources */ = {isa = PBXBuildFile; fileRef = 2687F3001FB976B50022A40C /* jsonStreamReader.swift */; };
		269248251FC94D2E00F3E247 /* pullRunsFromDisk.swift in Sources */ = {isa = PBXBuildFile; fileRef = 269248241FC94D2E00F3E247 /* pullRunsFromDisk.swift */; };
		26AC3BDA1FB5425D00540BB9 /* runStruct.swift in Sources */ = {isa = PBXBuildFile; fileRef = 26AC3BD91FB5425D00540BB9 /* runStruct.swift */; };
		26B597B21FBBBAB600557993 /* SwiftyJSON.framework in Frameworks */ = {isa = PBXBuildFile; fileRef = 26B597B11FBBBAB600557993 /* SwiftyJSON.framework */; };
		26B597B31FBBBACB00557993 /* SwiftyJSON.framework in Frameworks */ = {isa = PBXBuildFile; fileRef = 26B597B11FBBBAB600557993 /* SwiftyJSON.framework */; };
		26B597B41FBBBACB00557993 /* SwiftyJSON.framework in Embed Frameworks */ = {isa = PBXBuildFile; fileRef = 26B597B11FBBBAB600557993 /* SwiftyJSON.framework */; settings = {ATTRIBUTES = (CodeSignOnCopy, RemoveHeadersOnCopy, ); }; };
		26B597B71FBBFC6000557993 /* hoodoRunStreamListener.swift in Sources */ = {isa = PBXBuildFile; fileRef = 26B597B61FBBFC6000557993 /* hoodoRunStreamListener.swift */; };
		26B597B91FBC154600557993 /* SwiftSimplify.swift in Sources */ = {isa = PBXBuildFile; fileRef = 26B597B81FBC154600557993 /* SwiftSimplify.swift */; };
		26F69FFF1F14AC3800DFD19B /* Worrier.swift in Sources */ = {isa = PBXBuildFile; fileRef = 26F69FFE1F14AC3800DFD19B /* Worrier.swift */; };
		26F6A0021F16F40600DFD19B /* MotionLogger.swift in Sources */ = {isa = PBXBuildFile; fileRef = 26F6A0011F16F40600DFD19B /* MotionLogger.swift */; };
		26F6A0041F18464B00DFD19B /* LocationLogger.swift in Sources */ = {isa = PBXBuildFile; fileRef = 26F6A0031F18464B00DFD19B /* LocationLogger.swift */; };
		26F6A0061F1DA29100DFD19B /* LocationTracker.swift in Sources */ = {isa = PBXBuildFile; fileRef = 26F6A0051F1DA29100DFD19B /* LocationTracker.swift */; };
		26F6A0081F1DB49800DFD19B /* MotionTracker.swift in Sources */ = {isa = PBXBuildFile; fileRef = 26F6A0071F1DB49800DFD19B /* MotionTracker.swift */; };
		26F6A00A1F25E88600DFD19B /* mapViewTabViewController.swift in Sources */ = {isa = PBXBuildFile; fileRef = 26F6A0091F25E88600DFD19B /* mapViewTabViewController.swift */; };
		26F6A00C1F25EE7600DFD19B /* GlobalVariables.swift in Sources */ = {isa = PBXBuildFile; fileRef = 26F6A00B1F25EE7600DFD19B /* GlobalVariables.swift */; };
/* End PBXBuildFile section */

/* Begin PBXContainerItemProxy section */
		26444F321F09CD300035519D /* PBXContainerItemProxy */ = {
			isa = PBXContainerItemProxy;
			containerPortal = 26444F121F09CD300035519D /* Project object */;
			proxyType = 1;
			remoteGlobalIDString = 26444F191F09CD300035519D;
			remoteInfo = interStellarTest;
		};
		26444F3D1F09CD300035519D /* PBXContainerItemProxy */ = {
			isa = PBXContainerItemProxy;
			containerPortal = 26444F121F09CD300035519D /* Project object */;
			proxyType = 1;
			remoteGlobalIDString = 26444F191F09CD300035519D;
			remoteInfo = interStellarTest;
		};
/* End PBXContainerItemProxy section */

/* Begin PBXCopyFilesBuildPhase section */
		26444F591F0B3A6D0035519D /* Embed Frameworks */ = {
			isa = PBXCopyFilesBuildPhase;
			buildActionMask = 2147483647;
			dstPath = "";
			dstSubfolderSpec = 10;
			files = (
				264E21221FB03F16004CB94E /* Interstellar.framework in Embed Frameworks */,
				2667992F1FBED6060057304E /* Disk.framework in Embed Frameworks */,
				264E212E1FB43B6B004CB94E /* Alamofire.framework in Embed Frameworks */,
				26B597B41FBBBACB00557993 /* SwiftyJSON.framework in Embed Frameworks */,
			);
			name = "Embed Frameworks";
			runOnlyForDeploymentPostprocessing = 0;
		};
/* End PBXCopyFilesBuildPhase section */

/* Begin PBXFileReference section */
		2619D9461F146616007AEAD8 /* MessageQueue.swift */ = {isa = PBXFileReference; fileEncoding = 4; lastKnownFileType = sourcecode.swift; path = MessageQueue.swift; sourceTree = "<group>"; };
		2636075B1FBE707A000C423D /* runStreamRecorder.swift */ = {isa = PBXFileReference; lastKnownFileType = sourcecode.swift; path = runStreamRecorder.swift; sourceTree = "<group>"; };
		2636075E1FBE93BD000C423D /* HCMatrixObject.swift */ = {isa = PBXFileReference; fileEncoding = 4; lastKnownFileType = sourcecode.swift; path = HCMatrixObject.swift; sourceTree = "<group>"; };
		2636075F1FBE93BD000C423D /* HCKalmanAlgorithm.swift */ = {isa = PBXFileReference; fileEncoding = 4; lastKnownFileType = sourcecode.swift; path = HCKalmanAlgorithm.swift; sourceTree = "<group>"; };
		263607621FBE940D000C423D /* runRecorderJunction.swift */ = {isa = PBXFileReference; lastKnownFileType = sourcecode.swift; path = runRecorderJunction.swift; sourceTree = "<group>"; };
		263607641FBE9D15000C423D /* liveRunStreamListener.swift */ = {isa = PBXFileReference; lastKnownFileType = sourcecode.swift; path = liveRunStreamListener.swift; sourceTree = "<group>"; };
		263607661FBECC90000C423D /* Pedometer.swift */ = {isa = PBXFileReference; lastKnownFileType = sourcecode.swift; path = Pedometer.swift; sourceTree = "<group>"; };
		26444F1A1F09CD300035519D /* interStellarTest.app */ = {isa = PBXFileReference; explicitFileType = wrapper.application; includeInIndex = 0; path = interStellarTest.app; sourceTree = BUILT_PRODUCTS_DIR; };
		26444F1D1F09CD300035519D /* AppDelegate.swift */ = {isa = PBXFileReference; lastKnownFileType = sourcecode.swift; path = AppDelegate.swift; sourceTree = "<group>"; };
		26444F1F1F09CD300035519D /* ViewController.swift */ = {isa = PBXFileReference; lastKnownFileType = sourcecode.swift; path = ViewController.swift; sourceTree = "<group>"; };
		26444F221F09CD300035519D /* Base */ = {isa = PBXFileReference; lastKnownFileType = file.storyboard; name = Base; path = Base.lproj/Main.storyboard; sourceTree = "<group>"; };
		26444F251F09CD300035519D /* interStellarTest.xcdatamodel */ = {isa = PBXFileReference; lastKnownFileType = wrapper.xcdatamodel; path = interStellarTest.xcdatamodel; sourceTree = "<group>"; };
		26444F271F09CD300035519D /* Assets.xcassets */ = {isa = PBXFileReference; lastKnownFileType = folder.assetcatalog; path = Assets.xcassets; sourceTree = "<group>"; };
		26444F2A1F09CD300035519D /* Base */ = {isa = PBXFileReference; lastKnownFileType = file.storyboard; name = Base; path = Base.lproj/LaunchScreen.storyboard; sourceTree = "<group>"; };
		26444F2C1F09CD300035519D /* Info.plist */ = {isa = PBXFileReference; lastKnownFileType = text.plist.xml; path = Info.plist; sourceTree = "<group>"; };
		26444F311F09CD300035519D /* interStellarTestTests.xctest */ = {isa = PBXFileReference; explicitFileType = wrapper.cfbundle; includeInIndex = 0; path = interStellarTestTests.xctest; sourceTree = BUILT_PRODUCTS_DIR; };
		26444F351F09CD300035519D /* interStellarTestTests.swift */ = {isa = PBXFileReference; lastKnownFileType = sourcecode.swift; path = interStellarTestTests.swift; sourceTree = "<group>"; };
		26444F371F09CD300035519D /* Info.plist */ = {isa = PBXFileReference; lastKnownFileType = text.plist.xml; path = Info.plist; sourceTree = "<group>"; };
		26444F3C1F09CD300035519D /* interStellarTestUITests.xctest */ = {isa = PBXFileReference; explicitFileType = wrapper.cfbundle; includeInIndex = 0; path = interStellarTestUITests.xctest; sourceTree = BUILT_PRODUCTS_DIR; };
		26444F401F09CD300035519D /* interStellarTestUITests.swift */ = {isa = PBXFileReference; lastKnownFileType = sourcecode.swift; path = interStellarTestUITests.swift; sourceTree = "<group>"; };
		26444F421F09CD300035519D /* Info.plist */ = {isa = PBXFileReference; lastKnownFileType = text.plist.xml; path = Info.plist; sourceTree = "<group>"; };
		26444F511F09D1700035519D /* BaseObject.swift */ = {isa = PBXFileReference; fileEncoding = 4; lastKnownFileType = sourcecode.swift; path = BaseObject.swift; sourceTree = "<group>"; };
		26444F531F0B1D660035519D /* Scheduler.swift */ = {isa = PBXFileReference; fileEncoding = 4; lastKnownFileType = sourcecode.swift; path = Scheduler.swift; sourceTree = "<group>"; };
		2647D40A1FBAAF76007E83AF /* preferencesSignalJunction.swift */ = {isa = PBXFileReference; lastKnownFileType = sourcecode.swift; path = preferencesSignalJunction.swift; sourceTree = "<group>"; };
		264E211F1FB03EE8004CB94E /* Interstellar.framework */ = {isa = PBXFileReference; lastKnownFileType = wrapper.framework; name = Interstellar.framework; path = Carthage/Build/iOS/Interstellar.framework; sourceTree = "<group>"; };
		264E212B1FB43B4B004CB94E /* Alamofire.framework */ = {isa = PBXFileReference; lastKnownFileType = wrapper.framework; name = Alamofire.framework; path = Carthage/Build/iOS/Alamofire.framework; sourceTree = "<group>"; };
		26654B071F0B74CC0030B792 /* Timewaster.swift */ = {isa = PBXFileReference; fileEncoding = 4; lastKnownFileType = sourcecode.swift; path = Timewaster.swift; sourceTree = "<group>"; };
		2667992C1FBED5D10057304E /* Disk.framework */ = {isa = PBXFileReference; lastKnownFileType = wrapper.framework; name = Disk.framework; path = Carthage/Build/iOS/Disk.framework; sourceTree = "<group>"; };
		266799311FC929C10057304E /* runDataIOJunction.swift */ = {isa = PBXFileReference; lastKnownFileType = sourcecode.swift; path = runDataIOJunction.swift; sourceTree = "<group>"; };
		2687F3001FB976B50022A40C /* jsonStreamReader.swift */ = {isa = PBXFileReference; lastKnownFileType = sourcecode.swift; path = jsonStreamReader.swift; sourceTree = "<group>"; };
		269248241FC94D2E00F3E247 /* pullRunsFromDisk.swift */ = {isa = PBXFileReference; lastKnownFileType = sourcecode.swift; path = pullRunsFromDisk.swift; sourceTree = "<group>"; };
		26AC3BD91FB5425D00540BB9 /* runStruct.swift */ = {isa = PBXFileReference; lastKnownFileType = sourcecode.swift; path = runStruct.swift; sourceTree = "<group>"; };
		26B597B11FBBBAB600557993 /* SwiftyJSON.framework */ = {isa = PBXFileReference; lastKnownFileType = wrapper.framework; name = SwiftyJSON.framework; path = Carthage/Build/iOS/SwiftyJSON.framework; sourceTree = "<group>"; };
		26B597B61FBBFC6000557993 /* hoodoRunStreamListener.swift */ = {isa = PBXFileReference; lastKnownFileType = sourcecode.swift; path = hoodoRunStreamListener.swift; sourceTree = "<group>"; };
		26B597B81FBC154600557993 /* SwiftSimplify.swift */ = {isa = PBXFileReference; lastKnownFileType = sourcecode.swift; path = SwiftSimplify.swift; sourceTree = "<group>"; };
		26F69FFE1F14AC3800DFD19B /* Worrier.swift */ = {isa = PBXFileReference; fileEncoding = 4; lastKnownFileType = sourcecode.swift; path = Worrier.swift; sourceTree = "<group>"; };
		26F6A0011F16F40600DFD19B /* MotionLogger.swift */ = {isa = PBXFileReference; fileEncoding = 4; lastKnownFileType = sourcecode.swift; path = MotionLogger.swift; sourceTree = "<group>"; };
		26F6A0031F18464B00DFD19B /* LocationLogger.swift */ = {isa = PBXFileReference; fileEncoding = 4; lastKnownFileType = sourcecode.swift; path = LocationLogger.swift; sourceTree = "<group>"; };
		26F6A0051F1DA29100DFD19B /* LocationTracker.swift */ = {isa = PBXFileReference; fileEncoding = 4; lastKnownFileType = sourcecode.swift; path = LocationTracker.swift; sourceTree = "<group>"; };
		26F6A0071F1DB49800DFD19B /* MotionTracker.swift */ = {isa = PBXFileReference; fileEncoding = 4; lastKnownFileType = sourcecode.swift; path = MotionTracker.swift; sourceTree = "<group>"; };
		26F6A0091F25E88600DFD19B /* mapViewTabViewController.swift */ = {isa = PBXFileReference; fileEncoding = 4; lastKnownFileType = sourcecode.swift; path = mapViewTabViewController.swift; sourceTree = "<group>"; };
		26F6A00B1F25EE7600DFD19B /* GlobalVariables.swift */ = {isa = PBXFileReference; fileEncoding = 4; lastKnownFileType = sourcecode.swift; path = GlobalVariables.swift; sourceTree = "<group>"; };
/* End PBXFileReference section */

/* Begin PBXFrameworksBuildPhase section */
		26444F171F09CD300035519D /* Frameworks */ = {
			isa = PBXFrameworksBuildPhase;
			buildActionMask = 2147483647;
			files = (
				264E21201FB03EE8004CB94E /* Interstellar.framework in Frameworks */,
				264E212C1FB43B4B004CB94E /* Alamofire.framework in Frameworks */,
				26B597B31FBBBACB00557993 /* SwiftyJSON.framework in Frameworks */,
				264E21211FB03F16004CB94E /* Interstellar.framework in Frameworks */,
				264E212D1FB43B6B004CB94E /* Alamofire.framework in Frameworks */,
				2667992E1FBED6060057304E /* Disk.framework in Frameworks */,
				26B597B21FBBBAB600557993 /* SwiftyJSON.framework in Frameworks */,
				2667992D1FBED5D10057304E /* Disk.framework in Frameworks */,
			);
			runOnlyForDeploymentPostprocessing = 0;
		};
		26444F2E1F09CD300035519D /* Frameworks */ = {
			isa = PBXFrameworksBuildPhase;
			buildActionMask = 2147483647;
			files = (
			);
			runOnlyForDeploymentPostprocessing = 0;
		};
		26444F391F09CD300035519D /* Frameworks */ = {
			isa = PBXFrameworksBuildPhase;
			buildActionMask = 2147483647;
			files = (
			);
			runOnlyForDeploymentPostprocessing = 0;
		};
/* End PBXFrameworksBuildPhase section */

/* Begin PBXGroup section */
		2636075A1FBE7031000C423D /* persistentStorage */ = {
			isa = PBXGroup;
			children = (
				2636075B1FBE707A000C423D /* runStreamRecorder.swift */,
				269248241FC94D2E00F3E247 /* pullRunsFromDisk.swift */,
			);
			path = persistentStorage;
			sourceTree = "<group>";
		};
		2636075D1FBE93A5000C423D /* hckalman */ = {
			isa = PBXGroup;
			children = (
				2636075F1FBE93BD000C423D /* HCKalmanAlgorithm.swift */,
				2636075E1FBE93BD000C423D /* HCMatrixObject.swift */,
			);
			path = hckalman;
			sourceTree = "<group>";
		};
		26444F111F09CD300035519D = {
			isa = PBXGroup;
			children = (
				26444F1C1F09CD300035519D /* interStellarTest */,
				26444F341F09CD300035519D /* interStellarTestTests */,
				26444F3F1F09CD300035519D /* interStellarTestUITests */,
				26444F1B1F09CD300035519D /* Products */,
				26444F4E1F09CF630035519D /* Frameworks */,
			);
			sourceTree = "<group>";
		};
		26444F1B1F09CD300035519D /* Products */ = {
			isa = PBXGroup;
			children = (
				26444F1A1F09CD300035519D /* interStellarTest.app */,
				26444F311F09CD300035519D /* interStellarTestTests.xctest */,
				26444F3C1F09CD300035519D /* interStellarTestUITests.xctest */,
			);
			name = Products;
			sourceTree = "<group>";
		};
		26444F1C1F09CD300035519D /* interStellarTest */ = {
			isa = PBXGroup;
			children = (
				269248231FC94CD200F3E247 /* appStartup */,
				266799301FC90A3D0057304E /* junctions */,
				26444F1D1F09CD300035519D /* AppDelegate.swift */,
				264E21281FB04006004CB94E /* foundation */,
				26444F1F1F09CD300035519D /* ViewController.swift */,
				26444F211F09CD300035519D /* Main.storyboard */,
				26F6A0091F25E88600DFD19B /* mapViewTabViewController.swift */,
				26444F271F09CD300035519D /* Assets.xcassets */,
				26444F291F09CD300035519D /* LaunchScreen.storyboard */,
				26444F2C1F09CD300035519D /* Info.plist */,
				26444F241F09CD300035519D /* interStellarTest.xcdatamodeld */,
			);
			path = interStellarTest;
			sourceTree = "<group>";
		};
		26444F341F09CD300035519D /* interStellarTestTests */ = {
			isa = PBXGroup;
			children = (
				26444F351F09CD300035519D /* interStellarTestTests.swift */,
				26444F371F09CD300035519D /* Info.plist */,
			);
			path = interStellarTestTests;
			sourceTree = "<group>";
		};
		26444F3F1F09CD300035519D /* interStellarTestUITests */ = {
			isa = PBXGroup;
			children = (
				26444F401F09CD300035519D /* interStellarTestUITests.swift */,
				26444F421F09CD300035519D /* Info.plist */,
			);
			path = interStellarTestUITests;
			sourceTree = "<group>";
		};
		26444F4E1F09CF630035519D /* Frameworks */ = {
			isa = PBXGroup;
			children = (
				2667992C1FBED5D10057304E /* Disk.framework */,
				26B597B11FBBBAB600557993 /* SwiftyJSON.framework */,
				264E212B1FB43B4B004CB94E /* Alamofire.framework */,
				264E211F1FB03EE8004CB94E /* Interstellar.framework */,
			);
			name = Frameworks;
			sourceTree = "<group>";
		};
		264E21231FB03F4E004CB94E /* location */ = {
			isa = PBXGroup;
			children = (
				2636075D1FBE93A5000C423D /* hckalman */,
				26F6A0031F18464B00DFD19B /* LocationLogger.swift */,
				26F6A0051F1DA29100DFD19B /* LocationTracker.swift */,
			);
			path = location;
			sourceTree = "<group>";
		};
		264E21241FB03F66004CB94E /* motion */ = {
			isa = PBXGroup;
			children = (
				26F6A0011F16F40600DFD19B /* MotionLogger.swift */,
				26F6A0071F1DB49800DFD19B /* MotionTracker.swift */,
				263607661FBECC90000C423D /* Pedometer.swift */,
			);
			path = motion;
			sourceTree = "<group>";
		};
		264E21251FB03F98004CB94E /* testWasters */ = {
			isa = PBXGroup;
			children = (
				26F69FFE1F14AC3800DFD19B /* Worrier.swift */,
				26654B071F0B74CC0030B792 /* Timewaster.swift */,
			);
			path = testWasters;
			sourceTree = "<group>";
		};
		264E21261FB03FC3004CB94E /* scheduler */ = {
			isa = PBXGroup;
			children = (
				26444F531F0B1D660035519D /* Scheduler.swift */,
				264E21271FB03FD5004CB94E /* schedulerAgents */,
			);
			path = scheduler;
			sourceTree = "<group>";
		};
		264E21271FB03FD5004CB94E /* schedulerAgents */ = {
			isa = PBXGroup;
			children = (
				2636075A1FBE7031000C423D /* persistentStorage */,
				26B597B51FBBFC3D00557993 /* runStreamListener */,
				2687F2FF1FB976810022A40C /* jsonStreamReader */,
				264E21231FB03F4E004CB94E /* location */,
				264E21241FB03F66004CB94E /* motion */,
				264E21251FB03F98004CB94E /* testWasters */,
			);
			path = schedulerAgents;
			sourceTree = "<group>";
		};
		264E21281FB04006004CB94E /* foundation */ = {
			isa = PBXGroup;
			children = (
				26F6A00B1F25EE7600DFD19B /* GlobalVariables.swift */,
				26444F511F09D1700035519D /* BaseObject.swift */,
				2619D9461F146616007AEAD8 /* MessageQueue.swift */,
				264E21261FB03FC3004CB94E /* scheduler */,
			);
			path = foundation;
			sourceTree = "<group>";
		};
		266799301FC90A3D0057304E /* junctions */ = {
			isa = PBXGroup;
			children = (
				263607621FBE940D000C423D /* runRecorderJunction.swift */,
				266799311FC929C10057304E /* runDataIOJunction.swift */,
				2647D40A1FBAAF76007E83AF /* preferencesSignalJunction.swift */,
			);
			path = junctions;
			sourceTree = "<group>";
		};
		2687F2FF1FB976810022A40C /* jsonStreamReader */ = {
			isa = PBXGroup;
			children = (
				26AC3BD91FB5425D00540BB9 /* runStruct.swift */,
				2687F3001FB976B50022A40C /* jsonStreamReader.swift */,
			);
			path = jsonStreamReader;
			sourceTree = "<group>";
		};
		269248231FC94CD200F3E247 /* appStartup */ = {
			isa = PBXGroup;
			children = (
			);
			path = appStartup;
			sourceTree = "<group>";
		};
		26B597B51FBBFC3D00557993 /* runStreamListener */ = {
			isa = PBXGroup;
			children = (
				26B597B61FBBFC6000557993 /* hoodoRunStreamListener.swift */,
				26B597B81FBC154600557993 /* SwiftSimplify.swift */,
				263607641FBE9D15000C423D /* liveRunStreamListener.swift */,
			);
			path = runStreamListener;
			sourceTree = "<group>";
		};
/* End PBXGroup section */

/* Begin PBXNativeTarget section */
		26444F191F09CD300035519D /* interStellarTest */ = {
			isa = PBXNativeTarget;
			buildConfigurationList = 26444F451F09CD300035519D /* Build configuration list for PBXNativeTarget "interStellarTest" */;
			buildPhases = (
				26444F161F09CD300035519D /* Sources */,
				26444F171F09CD300035519D /* Frameworks */,
				26444F181F09CD300035519D /* Resources */,
				26444F591F0B3A6D0035519D /* Embed Frameworks */,
			);
			buildRules = (
			);
			dependencies = (
			);
			name = interStellarTest;
			productName = interStellarTest;
			productReference = 26444F1A1F09CD300035519D /* interStellarTest.app */;
			productType = "com.apple.product-type.application";
		};
		26444F301F09CD300035519D /* interStellarTestTests */ = {
			isa = PBXNativeTarget;
			buildConfigurationList = 26444F481F09CD300035519D /* Build configuration list for PBXNativeTarget "interStellarTestTests" */;
			buildPhases = (
				26444F2D1F09CD300035519D /* Sources */,
				26444F2E1F09CD300035519D /* Frameworks */,
				26444F2F1F09CD300035519D /* Resources */,
			);
			buildRules = (
			);
			dependencies = (
				26444F331F09CD300035519D /* PBXTargetDependency */,
			);
			name = interStellarTestTests;
			productName = interStellarTestTests;
			productReference = 26444F311F09CD300035519D /* interStellarTestTests.xctest */;
			productType = "com.apple.product-type.bundle.unit-test";
		};
		26444F3B1F09CD300035519D /* interStellarTestUITests */ = {
			isa = PBXNativeTarget;
			buildConfigurationList = 26444F4B1F09CD300035519D /* Build configuration list for PBXNativeTarget "interStellarTestUITests" */;
			buildPhases = (
				26444F381F09CD300035519D /* Sources */,
				26444F391F09CD300035519D /* Frameworks */,
				26444F3A1F09CD300035519D /* Resources */,
			);
			buildRules = (
			);
			dependencies = (
				26444F3E1F09CD300035519D /* PBXTargetDependency */,
			);
			name = interStellarTestUITests;
			productName = interStellarTestUITests;
			productReference = 26444F3C1F09CD300035519D /* interStellarTestUITests.xctest */;
			productType = "com.apple.product-type.bundle.ui-testing";
		};
/* End PBXNativeTarget section */

/* Begin PBXProject section */
		26444F121F09CD300035519D /* Project object */ = {
			isa = PBXProject;
			attributes = {
				LastSwiftUpdateCheck = 0830;
				LastUpgradeCheck = 0830;
				ORGANIZATIONNAME = pancristal;
				TargetAttributes = {
					26444F191F09CD300035519D = {
						CreatedOnToolsVersion = 8.3.3;
						DevelopmentTeam = 662M8CF3L7;
						ProvisioningStyle = Automatic;
						SystemCapabilities = {
							com.apple.BackgroundModes = {
								enabled = 1;
							};
						};
					};
					26444F301F09CD300035519D = {
						CreatedOnToolsVersion = 8.3.3;
						DevelopmentTeam = 86ZK99Q6D8;
						ProvisioningStyle = Automatic;
						TestTargetID = 26444F191F09CD300035519D;
					};
					26444F3B1F09CD300035519D = {
						CreatedOnToolsVersion = 8.3.3;
						DevelopmentTeam = 86ZK99Q6D8;
						ProvisioningStyle = Automatic;
						TestTargetID = 26444F191F09CD300035519D;
					};
				};
			};
			buildConfigurationList = 26444F151F09CD300035519D /* Build configuration list for PBXProject "interStellarTest" */;
			compatibilityVersion = "Xcode 3.2";
			developmentRegion = English;
			hasScannedForEncodings = 0;
			knownRegions = (
				en,
				Base,
			);
			mainGroup = 26444F111F09CD300035519D;
			productRefGroup = 26444F1B1F09CD300035519D /* Products */;
			projectDirPath = "";
			projectRoot = "";
			targets = (
				26444F191F09CD300035519D /* interStellarTest */,
				26444F301F09CD300035519D /* interStellarTestTests */,
				26444F3B1F09CD300035519D /* interStellarTestUITests */,
			);
		};
/* End PBXProject section */

/* Begin PBXResourcesBuildPhase section */
		26444F181F09CD300035519D /* Resources */ = {
			isa = PBXResourcesBuildPhase;
			buildActionMask = 2147483647;
			files = (
				26444F2B1F09CD300035519D /* LaunchScreen.storyboard in Resources */,
				26444F281F09CD300035519D /* Assets.xcassets in Resources */,
				26444F231F09CD300035519D /* Main.storyboard in Resources */,
			);
			runOnlyForDeploymentPostprocessing = 0;
		};
		26444F2F1F09CD300035519D /* Resources */ = {
			isa = PBXResourcesBuildPhase;
			buildActionMask = 2147483647;
			files = (
			);
			runOnlyForDeploymentPostprocessing = 0;
		};
		26444F3A1F09CD300035519D /* Resources */ = {
			isa = PBXResourcesBuildPhase;
			buildActionMask = 2147483647;
			files = (
			);
			runOnlyForDeploymentPostprocessing = 0;
		};
/* End PBXResourcesBuildPhase section */

/* Begin PBXSourcesBuildPhase section */
		26444F161F09CD300035519D /* Sources */ = {
			isa = PBXSourcesBuildPhase;
			buildActionMask = 2147483647;
			files = (
				26444F541F0B1D660035519D /* Scheduler.swift in Sources */,
				26444F201F09CD300035519D /* ViewController.swift in Sources */,
				2647D40B1FBAAF76007E83AF /* preferencesSignalJunction.swift in Sources */,
				263607601FBE93BE000C423D /* HCMatrixObject.swift in Sources */,
				26F69FFF1F14AC3800DFD19B /* Worrier.swift in Sources */,
				269248251FC94D2E00F3E247 /* pullRunsFromDisk.swift in Sources */,
				263607651FBE9D15000C423D /* liveRunStreamListener.swift in Sources */,
				26B597B91FBC154600557993 /* SwiftSimplify.swift in Sources */,
				26444F1E1F09CD300035519D /* AppDelegate.swift in Sources */,
				26B597B71FBBFC6000557993 /* hoodoRunStreamListener.swift in Sources */,
				26AC3BDA1FB5425D00540BB9 /* runStruct.swift in Sources */,
				26444F261F09CD300035519D /* interStellarTest.xcdatamodeld in Sources */,
				26654B081F0B74CC0030B792 /* Timewaster.swift in Sources */,
				26F6A00A1F25E88600DFD19B /* mapViewTabViewController.swift in Sources */,
				26F6A0041F18464B00DFD19B /* LocationLogger.swift in Sources */,
				26F6A0061F1DA29100DFD19B /* LocationTracker.swift in Sources */,
				263607631FBE940D000C423D /* runRecorderJunction.swift in Sources */,
				2636075C1FBE707A000C423D /* runStreamRecorder.swift in Sources */,
				26F6A0081F1DB49800DFD19B /* MotionTracker.swift in Sources */,
				263607671FBECC90000C423D /* Pedometer.swift in Sources */,
				263607611FBE93BE000C423D /* HCKalmanAlgorithm.swift in Sources */,
				2619D9471F146616007AEAD8 /* MessageQueue.swift in Sources */,
				26444F521F09D1700035519D /* BaseObject.swift in Sources */,
				26F6A00C1F25EE7600DFD19B /* GlobalVariables.swift in Sources */,
				26F6A0021F16F40600DFD19B /* MotionLogger.swift in Sources */,
				2687F3011FB976B50022A40C /* jsonStreamReader.swift in Sources */,
				266799321FC929C10057304E /* runDataIOJunction.swift in Sources */,
			);
			runOnlyForDeploymentPostprocessing = 0;
		};
		26444F2D1F09CD300035519D /* Sources */ = {
			isa = PBXSourcesBuildPhase;
			buildActionMask = 2147483647;
			files = (
				26444F361F09CD300035519D /* interStellarTestTests.swift in Sources */,
			);
			runOnlyForDeploymentPostprocessing = 0;
		};
		26444F381F09CD300035519D /* Sources */ = {
			isa = PBXSourcesBuildPhase;
			buildActionMask = 2147483647;
			files = (
				26444F411F09CD300035519D /* interStellarTestUITests.swift in Sources */,
			);
			runOnlyForDeploymentPostprocessing = 0;
		};
/* End PBXSourcesBuildPhase section */

/* Begin PBXTargetDependency section */
		26444F331F09CD300035519D /* PBXTargetDependency */ = {
			isa = PBXTargetDependency;
			target = 26444F191F09CD300035519D /* interStellarTest */;
			targetProxy = 26444F321F09CD300035519D /* PBXContainerItemProxy */;
		};
		26444F3E1F09CD300035519D /* PBXTargetDependency */ = {
			isa = PBXTargetDependency;
			target = 26444F191F09CD300035519D /* interStellarTest */;
			targetProxy = 26444F3D1F09CD300035519D /* PBXContainerItemProxy */;
		};
/* End PBXTargetDependency section */

/* Begin PBXVariantGroup section */
		26444F211F09CD300035519D /* Main.storyboard */ = {
			isa = PBXVariantGroup;
			children = (
				26444F221F09CD300035519D /* Base */,
			);
			name = Main.storyboard;
			sourceTree = "<group>";
		};
		26444F291F09CD300035519D /* LaunchScreen.storyboard */ = {
			isa = PBXVariantGroup;
			children = (
				26444F2A1F09CD300035519D /* Base */,
			);
			name = LaunchScreen.storyboard;
			sourceTree = "<group>";
		};
/* End PBXVariantGroup section */

/* Begin XCBuildConfiguration section */
		26444F431F09CD300035519D /* Debug */ = {
			isa = XCBuildConfiguration;
			buildSettings = {
				ALWAYS_SEARCH_USER_PATHS = NO;
				CLANG_ANALYZER_NONNULL = YES;
				CLANG_ANALYZER_NUMBER_OBJECT_CONVERSION = YES_AGGRESSIVE;
				CLANG_CXX_LANGUAGE_STANDARD = "gnu++0x";
				CLANG_CXX_LIBRARY = "libc++";
				CLANG_ENABLE_MODULES = YES;
				CLANG_ENABLE_OBJC_ARC = YES;
				CLANG_WARN_BOOL_CONVERSION = YES;
				CLANG_WARN_CONSTANT_CONVERSION = YES;
				CLANG_WARN_DIRECT_OBJC_ISA_USAGE = YES_ERROR;
				CLANG_WARN_DOCUMENTATION_COMMENTS = YES;
				CLANG_WARN_EMPTY_BODY = YES;
				CLANG_WARN_ENUM_CONVERSION = YES;
				CLANG_WARN_INFINITE_RECURSION = YES;
				CLANG_WARN_INT_CONVERSION = YES;
				CLANG_WARN_OBJC_ROOT_CLASS = YES_ERROR;
				CLANG_WARN_SUSPICIOUS_MOVE = YES;
				CLANG_WARN_UNREACHABLE_CODE = YES;
				CLANG_WARN__DUPLICATE_METHOD_MATCH = YES;
				"CODE_SIGN_IDENTITY[sdk=iphoneos*]" = "iPhone Developer";
				COPY_PHASE_STRIP = NO;
				DEBUG_INFORMATION_FORMAT = dwarf;
				ENABLE_STRICT_OBJC_MSGSEND = YES;
				ENABLE_TESTABILITY = YES;
				GCC_C_LANGUAGE_STANDARD = gnu99;
				GCC_DYNAMIC_NO_PIC = NO;
				GCC_NO_COMMON_BLOCKS = YES;
				GCC_OPTIMIZATION_LEVEL = 0;
				GCC_PREPROCESSOR_DEFINITIONS = (
					"DEBUG=1",
					"$(inherited)",
				);
				GCC_WARN_64_TO_32_BIT_CONVERSION = YES;
				GCC_WARN_ABOUT_RETURN_TYPE = YES_ERROR;
				GCC_WARN_UNDECLARED_SELECTOR = YES;
				GCC_WARN_UNINITIALIZED_AUTOS = YES_AGGRESSIVE;
				GCC_WARN_UNUSED_FUNCTION = YES;
				GCC_WARN_UNUSED_VARIABLE = YES;
				IPHONEOS_DEPLOYMENT_TARGET = 10.3;
				MTL_ENABLE_DEBUG_INFO = YES;
				ONLY_ACTIVE_ARCH = YES;
				SDKROOT = iphoneos;
				SWIFT_ACTIVE_COMPILATION_CONDITIONS = DEBUG;
				SWIFT_OPTIMIZATION_LEVEL = "-Onone";
				TARGETED_DEVICE_FAMILY = "1,2";
			};
			name = Debug;
		};
		26444F441F09CD300035519D /* Release */ = {
			isa = XCBuildConfiguration;
			buildSettings = {
				ALWAYS_SEARCH_USER_PATHS = NO;
				CLANG_ANALYZER_NONNULL = YES;
				CLANG_ANALYZER_NUMBER_OBJECT_CONVERSION = YES_AGGRESSIVE;
				CLANG_CXX_LANGUAGE_STANDARD = "gnu++0x";
				CLANG_CXX_LIBRARY = "libc++";
				CLANG_ENABLE_MODULES = YES;
				CLANG_ENABLE_OBJC_ARC = YES;
				CLANG_WARN_BOOL_CONVERSION = YES;
				CLANG_WARN_CONSTANT_CONVERSION = YES;
				CLANG_WARN_DIRECT_OBJC_ISA_USAGE = YES_ERROR;
				CLANG_WARN_DOCUMENTATION_COMMENTS = YES;
				CLANG_WARN_EMPTY_BODY = YES;
				CLANG_WARN_ENUM_CONVERSION = YES;
				CLANG_WARN_INFINITE_RECURSION = YES;
				CLANG_WARN_INT_CONVERSION = YES;
				CLANG_WARN_OBJC_ROOT_CLASS = YES_ERROR;
				CLANG_WARN_SUSPICIOUS_MOVE = YES;
				CLANG_WARN_UNREACHABLE_CODE = YES;
				CLANG_WARN__DUPLICATE_METHOD_MATCH = YES;
				"CODE_SIGN_IDENTITY[sdk=iphoneos*]" = "iPhone Developer";
				COPY_PHASE_STRIP = NO;
				DEBUG_INFORMATION_FORMAT = "dwarf-with-dsym";
				ENABLE_NS_ASSERTIONS = NO;
				ENABLE_STRICT_OBJC_MSGSEND = YES;
				GCC_C_LANGUAGE_STANDARD = gnu99;
				GCC_NO_COMMON_BLOCKS = YES;
				GCC_WARN_64_TO_32_BIT_CONVERSION = YES;
				GCC_WARN_ABOUT_RETURN_TYPE = YES_ERROR;
				GCC_WARN_UNDECLARED_SELECTOR = YES;
				GCC_WARN_UNINITIALIZED_AUTOS = YES_AGGRESSIVE;
				GCC_WARN_UNUSED_FUNCTION = YES;
				GCC_WARN_UNUSED_VARIABLE = YES;
				IPHONEOS_DEPLOYMENT_TARGET = 10.3;
				MTL_ENABLE_DEBUG_INFO = NO;
				SDKROOT = iphoneos;
				SWIFT_OPTIMIZATION_LEVEL = "-Owholemodule";
				TARGETED_DEVICE_FAMILY = "1,2";
				VALIDATE_PRODUCT = YES;
			};
			name = Release;
		};
		26444F461F09CD300035519D /* Debug */ = {
			isa = XCBuildConfiguration;
			buildSettings = {
				ASSETCATALOG_COMPILER_APPICON_NAME = AppIcon;
				"CODE_SIGN_IDENTITY[sdk=iphoneos*]" = "iPhone Developer";
				DEVELOPMENT_TEAM = 662M8CF3L7;
				FRAMEWORK_SEARCH_PATHS = (
					"$(inherited)",
					"$(PROJECT_DIR)/Carthage/Build/iOS",
				);
				INFOPLIST_FILE = interStellarTest/Info.plist;
				LD_RUNPATH_SEARCH_PATHS = "$(inherited) @executable_path/Frameworks";
				PRODUCT_BUNDLE_IDENTIFIER = pancristal.interStellarTest;
				PRODUCT_NAME = "$(TARGET_NAME)";
				PROVISIONING_PROFILE_SPECIFIER = "";
				SWIFT_VERSION = 3.0;
			};
			name = Debug;
		};
		26444F471F09CD300035519D /* Release */ = {
			isa = XCBuildConfiguration;
			buildSettings = {
				ASSETCATALOG_COMPILER_APPICON_NAME = AppIcon;
				"CODE_SIGN_IDENTITY[sdk=iphoneos*]" = "iPhone Developer";
				DEVELOPMENT_TEAM = 662M8CF3L7;
				FRAMEWORK_SEARCH_PATHS = (
					"$(inherited)",
					"$(PROJECT_DIR)/Carthage/Build/iOS",
				);
				INFOPLIST_FILE = interStellarTest/Info.plist;
				LD_RUNPATH_SEARCH_PATHS = "$(inherited) @executable_path/Frameworks";
				PRODUCT_BUNDLE_IDENTIFIER = pancristal.interStellarTest;
				PRODUCT_NAME = "$(TARGET_NAME)";
				PROVISIONING_PROFILE_SPECIFIER = "";
				SWIFT_VERSION = 3.0;
			};
			name = Release;
		};
		26444F491F09CD300035519D /* Debug */ = {
			isa = XCBuildConfiguration;
			buildSettings = {
				ALWAYS_EMBED_SWIFT_STANDARD_LIBRARIES = YES;
				BUNDLE_LOADER = "$(TEST_HOST)";
				DEVELOPMENT_TEAM = 86ZK99Q6D8;
				INFOPLIST_FILE = interStellarTestTests/Info.plist;
				LD_RUNPATH_SEARCH_PATHS = "$(inherited) @executable_path/Frameworks @loader_path/Frameworks";
				PRODUCT_BUNDLE_IDENTIFIER = pancristal.interStellarTestTests;
				PRODUCT_NAME = "$(TARGET_NAME)";
				SWIFT_VERSION = 3.0;
				TEST_HOST = "$(BUILT_PRODUCTS_DIR)/interStellarTest.app/interStellarTest";
			};
			name = Debug;
		};
		26444F4A1F09CD300035519D /* Release */ = {
			isa = XCBuildConfiguration;
			buildSettings = {
				ALWAYS_EMBED_SWIFT_STANDARD_LIBRARIES = YES;
				BUNDLE_LOADER = "$(TEST_HOST)";
				DEVELOPMENT_TEAM = 86ZK99Q6D8;
				INFOPLIST_FILE = interStellarTestTests/Info.plist;
				LD_RUNPATH_SEARCH_PATHS = "$(inherited) @executable_path/Frameworks @loader_path/Frameworks";
				PRODUCT_BUNDLE_IDENTIFIER = pancristal.interStellarTestTests;
				PRODUCT_NAME = "$(TARGET_NAME)";
				SWIFT_VERSION = 3.0;
				TEST_HOST = "$(BUILT_PRODUCTS_DIR)/interStellarTest.app/interStellarTest";
			};
			name = Release;
		};
		26444F4C1F09CD300035519D /* Debug */ = {
			isa = XCBuildConfiguration;
			buildSettings = {
				ALWAYS_EMBED_SWIFT_STANDARD_LIBRARIES = YES;
				DEVELOPMENT_TEAM = 86ZK99Q6D8;
				INFOPLIST_FILE = interStellarTestUITests/Info.plist;
				LD_RUNPATH_SEARCH_PATHS = "$(inherited) @executable_path/Frameworks @loader_path/Frameworks";
				PRODUCT_BUNDLE_IDENTIFIER = pancristal.interStellarTestUITests;
				PRODUCT_NAME = "$(TARGET_NAME)";
				SWIFT_VERSION = 3.0;
				TEST_TARGET_NAME = interStellarTest;
			};
			name = Debug;
		};
		26444F4D1F09CD300035519D /* Release */ = {
			isa = XCBuildConfiguration;
			buildSettings = {
				ALWAYS_EMBED_SWIFT_STANDARD_LIBRARIES = YES;
				DEVELOPMENT_TEAM = 86ZK99Q6D8;
				INFOPLIST_FILE = interStellarTestUITests/Info.plist;
				LD_RUNPATH_SEARCH_PATHS = "$(inherited) @executable_path/Frameworks @loader_path/Frameworks";
				PRODUCT_BUNDLE_IDENTIFIER = pancristal.interStellarTestUITests;
				PRODUCT_NAME = "$(TARGET_NAME)";
				SWIFT_VERSION = 3.0;
				TEST_TARGET_NAME = interStellarTest;
			};
			name = Release;
		};
/* End XCBuildConfiguration section */

/* Begin XCConfigurationList section */
		26444F151F09CD300035519D /* Build configuration list for PBXProject "interStellarTest" */ = {
			isa = XCConfigurationList;
			buildConfigurations = (
				26444F431F09CD300035519D /* Debug */,
				26444F441F09CD300035519D /* Release */,
			);
			defaultConfigurationIsVisible = 0;
			defaultConfigurationName = Release;
		};
		26444F451F09CD300035519D /* Build configuration list for PBXNativeTarget "interStellarTest" */ = {
			isa = XCConfigurationList;
			buildConfigurations = (
				26444F461F09CD300035519D /* Debug */,
				26444F471F09CD300035519D /* Release */,
			);
			defaultConfigurationIsVisible = 0;
			defaultConfigurationName = Release;
		};
		26444F481F09CD300035519D /* Build configuration list for PBXNativeTarget "interStellarTestTests" */ = {
			isa = XCConfigurationList;
			buildConfigurations = (
				26444F491F09CD300035519D /* Debug */,
				26444F4A1F09CD300035519D /* Release */,
			);
			defaultConfigurationIsVisible = 0;
			defaultConfigurationName = Release;
		};
		26444F4B1F09CD300035519D /* Build configuration list for PBXNativeTarget "interStellarTestUITests" */ = {
			isa = XCConfigurationList;
			buildConfigurations = (
				26444F4C1F09CD300035519D /* Debug */,
				26444F4D1F09CD300035519D /* Release */,
			);
			defaultConfigurationIsVisible = 0;
			defaultConfigurationName = Release;
		};
/* End XCConfigurationList section */

/* Begin XCVersionGroup section */
		26444F241F09CD300035519D /* interStellarTest.xcdatamodeld */ = {
			isa = XCVersionGroup;
			children = (
				26444F251F09CD300035519D /* interStellarTest.xcdatamodel */,
			);
			currentVersion = 26444F251F09CD300035519D /* interStellarTest.xcdatamodel */;
			path = interStellarTest.xcdatamodeld;
			sourceTree = "<group>";
			versionGroupType = wrapper.xcdatamodel;
		};
/* End XCVersionGroup section */
	};
	rootObject = 26444F121F09CD300035519D /* Project object */;
}
